
Microsoft Visual Studio Solution File, Format Version 12.00
# Visual Studio Version 17
VisualStudioVersion = 17.14.36811.4 d17.14
MinimumVisualStudioVersion = 10.0.40219.1
Project("{FAE04EC0-301F-11D3-BF4B-00C04F79EFBC}") = "CarLists", "CarLists.csproj", "{756C7DB7-F066-4D3E-9912-D7D50FF8EDFE}"
EndProject
Project("{FAE04EC0-301F-11D3-BF4B-00C04F79EFBC}") = "CarLists.Tests", "Tests\\CarLists.Tests.csproj", "{D5D868F5-665C-41F6-BB04-15B118DCFD79}"
EndProject
Global
	GlobalSection(SolutionConfigurationPlatforms) = preSolution
		Debug|Any CPU = Debug|Any CPU
		Release|Any CPU = Release|Any CPU
	EndGlobalSection
	GlobalSection(ProjectConfigurationPlatforms) = postSolution
		{756C7DB7-F066-4D3E-9912-D7D50FF8EDFE}.Debug|Any CPU.ActiveCfg = Debug|Any CPU
		{756C7DB7-F066-4D3E-9912-D7D50FF8EDFE}.Debug|Any CPU.Build.0 = Debug|Any CPU
		{756C7DB7-F066-4D3E-9912-D7D50FF8EDFE}.Debug|Any CPU.Deploy.0 = Debug|Any CPU
		{756C7DB7-F066-4D3E-9912-D7D50FF8EDFE}.Release|Any CPU.ActiveCfg = Release|Any CPU
		{756C7DB7-F066-4D3E-9912-D7D50FF8EDFE}.Release|Any CPU.Build.0 = Release|Any CPU
		{756C7DB7-F066-4D3E-9912-D7D50FF8EDFE}.Release|Any CPU.Deploy.0 = Release|Any CPU
		{D5D868F5-665C-41F6-BB04-15B118DCFD79}.Debug|Any CPU.ActiveCfg = Debug|Any CPU
		{D5D868F5-665C-41F6-BB04-15B118DCFD79}.Debug|Any CPU.Build.0 = Debug|Any CPU
		{D5D868F5-665C-41F6-BB04-15B118DCFD79}.Release|Any CPU.ActiveCfg = Release|Any CPU
		{D5D868F5-665C-41F6-BB04-15B118DCFD79}.Release|Any CPU.Build.0 = Release|Any CPU
	EndGlobalSection
	GlobalSection(SolutionProperties) = preSolution
		HideSolutionNode = FALSE
	EndGlobalSection
	GlobalSection(ExtensibilityGlobals) = postSolution
		SolutionGuid = {7D21EB48-2276-40B2-A77C-B00A53988CA2}
	EndGlobalSection
EndGlobal
